{
  "pins" : [
    {
      "identity" : "azurestorageswift",
      "kind" : "remoteSourceControl",
      "location" : "https://github.com/oliwonders/AzureStorageSwift.git",
      "state" : {
        "branch" : "main",
        "revision" : "c19bb319209a433ebc99dd16844c062d00995baf"
      }
    }
  ],
  "version" : 2
}
