{
  "pins" : [
    {
      "identity" : "azurestorageswift",
      "kind" : "remoteSourceControl",
      "location" : "https://github.com/oliwonders/AzureStorageSwift.git",
      "state" : {
        "branch" : "main",
        "revision" : "adf65712940e58aeff9d55d190ce4ec170fc5017"
      }
    }
  ],
  "version" : 2
}
